// !$*UTF8*$!
{
	archiveVersion = 1;
	classes = {
	};
	objectVersion = 46;
	objects = {

/* Begin PBXBuildFile section */
		5A3E42991EEC3610001BEA12 /* AuthorizationViewController.m in Sources */ = {isa = PBXBuildFile; fileRef = 5A3E42971EEC3610001BEA12 /* AuthorizationViewController.m */; };
		5A3E429A1EEC3610001BEA12 /* AuthorizationViewController.xib in Resources */ = {isa = PBXBuildFile; fileRef = 5A3E42981EEC3610001BEA12 /* AuthorizationViewController.xib */; };
		5A3E429E1EEC44E1001BEA12 /* ParamsSettingViewController.m in Sources */ = {isa = PBXBuildFile; fileRef = 5A3E429C1EEC44E1001BEA12 /* ParamsSettingViewController.m */; };
		5A3E429F1EEC44E1001BEA12 /* ParamsSettingViewController.xib in Resources */ = {isa = PBXBuildFile; fileRef = 5A3E429D1EEC44E1001BEA12 /* ParamsSettingViewController.xib */; };
		5A3E42A31EEC4AAF001BEA12 /* UserAgreementViewController.m in Sources */ = {isa = PBXBuildFile; fileRef = 5A3E42A11EEC4AAF001BEA12 /* UserAgreementViewController.m */; };
		5A51377A1EECE76200ECEA96 /* NewFeatureController.m in Sources */ = {isa = PBXBuildFile; fileRef = 5A5137791EECE76200ECEA96 /* NewFeatureController.m */; };
		5A5AFBF71EFE377D00C5270A /* EvaluateViewController.m in Sources */ = {isa = PBXBuildFile; fileRef = 5A5AFBF51EFE377D00C5270A /* EvaluateViewController.m */; };
		5A5AFBF81EFE377D00C5270A /* EvaluateViewController.xib in Resources */ = {isa = PBXBuildFile; fileRef = 5A5AFBF61EFE377D00C5270A /* EvaluateViewController.xib */; };
		5A5AFBFE1EFE3B2F00C5270A /* TggStarEvaluationView.m in Sources */ = {isa = PBXBuildFile; fileRef = 5A5AFBFD1EFE3B2F00C5270A /* TggStarEvaluationView.m */; };
		5A5F317A1EEBF78C002C484E /* Utils.m in Sources */ = {isa = PBXBuildFile; fileRef = 5A5F31791EEBF78C002C484E /* Utils.m */; };
		5A5F317D1EEC00C4002C484E /* ContactViewController.m in Sources */ = {isa = PBXBuildFile; fileRef = 5A5F317C1EEC00C4002C484E /* ContactViewController.m */; };
		5A6024031EE6E44B00BC7120 /* main.m in Sources */ = {isa = PBXBuildFile; fileRef = 5A6024021EE6E44B00BC7120 /* main.m */; };
		5A6024061EE6E44B00BC7120 /* AppDelegate.m in Sources */ = {isa = PBXBuildFile; fileRef = 5A6024051EE6E44B00BC7120 /* AppDelegate.m */; };
		5A60240E1EE6E44B00BC7120 /* Assets.xcassets in Resources */ = {isa = PBXBuildFile; fileRef = 5A60240D1EE6E44B00BC7120 /* Assets.xcassets */; };
		5A6024111EE6E44B00BC7120 /* LaunchScreen.storyboard in Resources */ = {isa = PBXBuildFile; fileRef = 5A60240F1EE6E44B00BC7120 /* LaunchScreen.storyboard */; };
		5A60241C1EE6E44B00BC7120 /* MobileLocationTests.m in Sources */ = {isa = PBXBuildFile; fileRef = 5A60241B1EE6E44B00BC7120 /* MobileLocationTests.m */; };
		5A6024271EE6E44B00BC7120 /* MobileLocationUITests.m in Sources */ = {isa = PBXBuildFile; fileRef = 5A6024261EE6E44B00BC7120 /* MobileLocationUITests.m */; };
		5A6024361EE6E4D500BC7120 /* UIColor+String.m in Sources */ = {isa = PBXBuildFile; fileRef = 5A6024351EE6E4D500BC7120 /* UIColor+String.m */; };
		5A6024391EE6E4DB00BC7120 /* UIView+Frame.m in Sources */ = {isa = PBXBuildFile; fileRef = 5A6024381EE6E4DB00BC7120 /* UIView+Frame.m */; };
		5A6024431EE6F1F500BC7120 /* HomeTabBarController.m in Sources */ = {isa = PBXBuildFile; fileRef = 5A6024421EE6F1F500BC7120 /* HomeTabBarController.m */; };
		5A6024481EE6F29800BC7120 /* BaseNavigationController.m in Sources */ = {isa = PBXBuildFile; fileRef = 5A6024451EE6F29800BC7120 /* BaseNavigationController.m */; };
		5A6024491EE6F29800BC7120 /* BaseViewController.m in Sources */ = {isa = PBXBuildFile; fileRef = 5A6024471EE6F29800BC7120 /* BaseViewController.m */; };
		5A60244D1EE6F5C500BC7120 /* PhoneLocationViewController.m in Sources */ = {isa = PBXBuildFile; fileRef = 5A60244C1EE6F5C500BC7120 /* PhoneLocationViewController.m */; };
		5A6024501EE6F5F600BC7120 /* CallMonitorViewController.m in Sources */ = {isa = PBXBuildFile; fileRef = 5A60244F1EE6F5F600BC7120 /* CallMonitorViewController.m */; };
		5A6024531EE6F61600BC7120 /* MessageInterceptViewController.m in Sources */ = {isa = PBXBuildFile; fileRef = 5A6024521EE6F61600BC7120 /* MessageInterceptViewController.m */; };
		5A6024561EE6F62700BC7120 /* SystemSettingViewController.m in Sources */ = {isa = PBXBuildFile; fileRef = 5A6024551EE6F62700BC7120 /* SystemSettingViewController.m */; };
		5A60245E1EE6F8B900BC7120 /* RegisterViewController.m in Sources */ = {isa = PBXBuildFile; fileRef = 5A60245C1EE6F8B900BC7120 /* RegisterViewController.m */; };
		5A60245F1EE6F8B900BC7120 /* RegisterViewController.xib in Resources */ = {isa = PBXBuildFile; fileRef = 5A60245D1EE6F8B900BC7120 /* RegisterViewController.xib */; };
		5A7CD8EF1EEAF0E2008B87CB /* CustomNavTitleView.m in Sources */ = {isa = PBXBuildFile; fileRef = 5A7CD8EE1EEAF0E2008B87CB /* CustomNavTitleView.m */; };
		5A80EDBD1EEBB88700D316A7 /* LoginView.m in Sources */ = {isa = PBXBuildFile; fileRef = 5A80EDBC1EEBB88700D316A7 /* LoginView.m */; };
		5A80EDBF1EEBB89500D316A7 /* LoginView.xib in Resources */ = {isa = PBXBuildFile; fileRef = 5A80EDBE1EEBB89500D316A7 /* LoginView.xib */; };
		ADD4E11A886C0EF606067F8F /* libPods-MobileLocation.a in Frameworks */ = {isa = PBXBuildFile; fileRef = E7E15D457065ECB759019CE7 /* libPods-MobileLocation.a */; };
/* End PBXBuildFile section */

/* Begin PBXContainerItemProxy section */
		5A6024181EE6E44B00BC7120 /* PBXContainerItemProxy */ = {
			isa = PBXContainerItemProxy;
			containerPortal = 5A6023F61EE6E44B00BC7120 /* Project object */;
			proxyType = 1;
			remoteGlobalIDString = 5A6023FD1EE6E44B00BC7120;
			remoteInfo = MobileLocation;
		};
		5A6024231EE6E44B00BC7120 /* PBXContainerItemProxy */ = {
			isa = PBXContainerItemProxy;
			containerPortal = 5A6023F61EE6E44B00BC7120 /* Project object */;
			proxyType = 1;
			remoteGlobalIDString = 5A6023FD1EE6E44B00BC7120;
			remoteInfo = MobileLocation;
		};
/* End PBXContainerItemProxy section */

/* Begin PBXFileReference section */
		1781C9AA4AB5A674B44694D9 /* Pods-MobileLocation.debug.xcconfig */ = {isa = PBXFileReference; includeInIndex = 1; lastKnownFileType = text.xcconfig; name = "Pods-MobileLocation.debug.xcconfig"; path = "Pods/Target Support Files/Pods-MobileLocation/Pods-MobileLocation.debug.xcconfig"; sourceTree = "<group>"; };
		5A3E42961EEC3610001BEA12 /* AuthorizationViewController.h */ = {isa = PBXFileReference; fileEncoding = 4; lastKnownFileType = sourcecode.c.h; path = AuthorizationViewController.h; sourceTree = "<group>"; };
		5A3E42971EEC3610001BEA12 /* AuthorizationViewController.m */ = {isa = PBXFileReference; fileEncoding = 4; lastKnownFileType = sourcecode.c.objc; path = AuthorizationViewController.m; sourceTree = "<group>"; };
		5A3E42981EEC3610001BEA12 /* AuthorizationViewController.xib */ = {isa = PBXFileReference; fileEncoding = 4; lastKnownFileType = file.xib; path = AuthorizationViewController.xib; sourceTree = "<group>"; };
		5A3E429B1EEC44E1001BEA12 /* ParamsSettingViewController.h */ = {isa = PBXFileReference; fileEncoding = 4; lastKnownFileType = sourcecode.c.h; path = ParamsSettingViewController.h; sourceTree = "<group>"; };
		5A3E429C1EEC44E1001BEA12 /* ParamsSettingViewController.m */ = {isa = PBXFileReference; fileEncoding = 4; lastKnownFileType = sourcecode.c.objc; path = ParamsSettingViewController.m; sourceTree = "<group>"; };
		5A3E429D1EEC44E1001BEA12 /* ParamsSettingViewController.xib */ = {isa = PBXFileReference; fileEncoding = 4; lastKnownFileType = file.xib; path = ParamsSettingViewController.xib; sourceTree = "<group>"; };
		5A3E42A01EEC4AAF001BEA12 /* UserAgreementViewController.h */ = {isa = PBXFileReference; fileEncoding = 4; lastKnownFileType = sourcecode.c.h; path = UserAgreementViewController.h; sourceTree = "<group>"; };
		5A3E42A11EEC4AAF001BEA12 /* UserAgreementViewController.m */ = {isa = PBXFileReference; fileEncoding = 4; lastKnownFileType = sourcecode.c.objc; path = UserAgreementViewController.m; sourceTree = "<group>"; };
		5A5137781EECE76200ECEA96 /* NewFeatureController.h */ = {isa = PBXFileReference; fileEncoding = 4; lastKnownFileType = sourcecode.c.h; path = NewFeatureController.h; sourceTree = "<group>"; };
		5A5137791EECE76200ECEA96 /* NewFeatureController.m */ = {isa = PBXFileReference; fileEncoding = 4; lastKnownFileType = sourcecode.c.objc; path = NewFeatureController.m; sourceTree = "<group>"; };
		5A5AFBF41EFE377D00C5270A /* EvaluateViewController.h */ = {isa = PBXFileReference; fileEncoding = 4; lastKnownFileType = sourcecode.c.h; path = EvaluateViewController.h; sourceTree = "<group>"; };
		5A5AFBF51EFE377D00C5270A /* EvaluateViewController.m */ = {isa = PBXFileReference; fileEncoding = 4; lastKnownFileType = sourcecode.c.objc; path = EvaluateViewController.m; sourceTree = "<group>"; };
		5A5AFBF61EFE377D00C5270A /* EvaluateViewController.xib */ = {isa = PBXFileReference; fileEncoding = 4; lastKnownFileType = file.xib; path = EvaluateViewController.xib; sourceTree = "<group>"; };
		5A5AFBFC1EFE3B2F00C5270A /* TggStarEvaluationView.h */ = {isa = PBXFileReference; fileEncoding = 4; lastKnownFileType = sourcecode.c.h; path = TggStarEvaluationView.h; sourceTree = "<group>"; };
		5A5AFBFD1EFE3B2F00C5270A /* TggStarEvaluationView.m */ = {isa = PBXFileReference; fileEncoding = 4; lastKnownFileType = sourcecode.c.objc; path = TggStarEvaluationView.m; sourceTree = "<group>"; };
		5A5F31781EEBF78C002C484E /* Utils.h */ = {isa = PBXFileReference; fileEncoding = 4; lastKnownFileType = sourcecode.c.h; path = Utils.h; sourceTree = "<group>"; };
		5A5F31791EEBF78C002C484E /* Utils.m */ = {isa = PBXFileReference; fileEncoding = 4; lastKnownFileType = sourcecode.c.objc; path = Utils.m; sourceTree = "<group>"; };
		5A5F317B1EEC00C4002C484E /* ContactViewController.h */ = {isa = PBXFileReference; fileEncoding = 4; lastKnownFileType = sourcecode.c.h; path = ContactViewController.h; sourceTree = "<group>"; };
		5A5F317C1EEC00C4002C484E /* ContactViewController.m */ = {isa = PBXFileReference; fileEncoding = 4; lastKnownFileType = sourcecode.c.objc; path = ContactViewController.m; sourceTree = "<group>"; };
		5A6023FE1EE6E44B00BC7120 /* MobileLocation.app */ = {isa = PBXFileReference; explicitFileType = wrapper.application; includeInIndex = 0; path = MobileLocation.app; sourceTree = BUILT_PRODUCTS_DIR; };
		5A6024021EE6E44B00BC7120 /* main.m */ = {isa = PBXFileReference; lastKnownFileType = sourcecode.c.objc; path = main.m; sourceTree = "<group>"; };
		5A6024041EE6E44B00BC7120 /* AppDelegate.h */ = {isa = PBXFileReference; lastKnownFileType = sourcecode.c.h; path = AppDelegate.h; sourceTree = "<group>"; };
		5A6024051EE6E44B00BC7120 /* AppDelegate.m */ = {isa = PBXFileReference; lastKnownFileType = sourcecode.c.objc; path = AppDelegate.m; sourceTree = "<group>"; };
		5A60240D1EE6E44B00BC7120 /* Assets.xcassets */ = {isa = PBXFileReference; lastKnownFileType = folder.assetcatalog; path = Assets.xcassets; sourceTree = "<group>"; };
		5A6024101EE6E44B00BC7120 /* Base */ = {isa = PBXFileReference; lastKnownFileType = file.storyboard; name = Base; path = Base.lproj/LaunchScreen.storyboard; sourceTree = "<group>"; };
		5A6024121EE6E44B00BC7120 /* Info.plist */ = {isa = PBXFileReference; lastKnownFileType = text.plist.xml; path = Info.plist; sourceTree = "<group>"; };
		5A6024171EE6E44B00BC7120 /* MobileLocationTests.xctest */ = {isa = PBXFileReference; explicitFileType = wrapper.cfbundle; includeInIndex = 0; path = MobileLocationTests.xctest; sourceTree = BUILT_PRODUCTS_DIR; };
		5A60241B1EE6E44B00BC7120 /* MobileLocationTests.m */ = {isa = PBXFileReference; lastKnownFileType = sourcecode.c.objc; path = MobileLocationTests.m; sourceTree = "<group>"; };
		5A60241D1EE6E44B00BC7120 /* Info.plist */ = {isa = PBXFileReference; lastKnownFileType = text.plist.xml; path = Info.plist; sourceTree = "<group>"; };
		5A6024221EE6E44B00BC7120 /* MobileLocationUITests.xctest */ = {isa = PBXFileReference; explicitFileType = wrapper.cfbundle; includeInIndex = 0; path = MobileLocationUITests.xctest; sourceTree = BUILT_PRODUCTS_DIR; };
		5A6024261EE6E44B00BC7120 /* MobileLocationUITests.m */ = {isa = PBXFileReference; lastKnownFileType = sourcecode.c.objc; path = MobileLocationUITests.m; sourceTree = "<group>"; };
		5A6024281EE6E44B00BC7120 /* Info.plist */ = {isa = PBXFileReference; lastKnownFileType = text.plist.xml; path = Info.plist; sourceTree = "<group>"; };
		5A6024341EE6E4D500BC7120 /* UIColor+String.h */ = {isa = PBXFileReference; fileEncoding = 4; lastKnownFileType = sourcecode.c.h; path = "UIColor+String.h"; sourceTree = "<group>"; };
		5A6024351EE6E4D500BC7120 /* UIColor+String.m */ = {isa = PBXFileReference; fileEncoding = 4; lastKnownFileType = sourcecode.c.objc; path = "UIColor+String.m"; sourceTree = "<group>"; };
		5A6024371EE6E4DB00BC7120 /* UIView+Frame.h */ = {isa = PBXFileReference; fileEncoding = 4; lastKnownFileType = sourcecode.c.h; path = "UIView+Frame.h"; sourceTree = "<group>"; };
		5A6024381EE6E4DB00BC7120 /* UIView+Frame.m */ = {isa = PBXFileReference; fileEncoding = 4; lastKnownFileType = sourcecode.c.objc; path = "UIView+Frame.m"; sourceTree = "<group>"; };
		5A60243A1EE6E4F600BC7120 /* Config.h */ = {isa = PBXFileReference; lastKnownFileType = sourcecode.c.h; path = Config.h; sourceTree = "<group>"; };
		5A6024411EE6F1F500BC7120 /* HomeTabBarController.h */ = {isa = PBXFileReference; fileEncoding = 4; lastKnownFileType = sourcecode.c.h; path = HomeTabBarController.h; sourceTree = "<group>"; };
		5A6024421EE6F1F500BC7120 /* HomeTabBarController.m */ = {isa = PBXFileReference; fileEncoding = 4; lastKnownFileType = sourcecode.c.objc; path = HomeTabBarController.m; sourceTree = "<group>"; };
		5A6024441EE6F29800BC7120 /* BaseNavigationController.h */ = {isa = PBXFileReference; fileEncoding = 4; lastKnownFileType = sourcecode.c.h; path = BaseNavigationController.h; sourceTree = "<group>"; };
		5A6024451EE6F29800BC7120 /* BaseNavigationController.m */ = {isa = PBXFileReference; fileEncoding = 4; lastKnownFileType = sourcecode.c.objc; path = BaseNavigationController.m; sourceTree = "<group>"; };
		5A6024461EE6F29800BC7120 /* BaseViewController.h */ = {isa = PBXFileReference; fileEncoding = 4; lastKnownFileType = sourcecode.c.h; path = BaseViewController.h; sourceTree = "<group>"; };
		5A6024471EE6F29800BC7120 /* BaseViewController.m */ = {isa = PBXFileReference; fileEncoding = 4; lastKnownFileType = sourcecode.c.objc; path = BaseViewController.m; sourceTree = "<group>"; };
		5A60244B1EE6F5C500BC7120 /* PhoneLocationViewController.h */ = {isa = PBXFileReference; fileEncoding = 4; lastKnownFileType = sourcecode.c.h; path = PhoneLocationViewController.h; sourceTree = "<group>"; };
		5A60244C1EE6F5C500BC7120 /* PhoneLocationViewController.m */ = {isa = PBXFileReference; fileEncoding = 4; lastKnownFileType = sourcecode.c.objc; path = PhoneLocationViewController.m; sourceTree = "<group>"; };
		5A60244E1EE6F5F600BC7120 /* CallMonitorViewController.h */ = {isa = PBXFileReference; fileEncoding = 4; lastKnownFileType = sourcecode.c.h; path = CallMonitorViewController.h; sourceTree = "<group>"; };
		5A60244F1EE6F5F600BC7120 /* CallMonitorViewController.m */ = {isa = PBXFileReference; fileEncoding = 4; lastKnownFileType = sourcecode.c.objc; path = CallMonitorViewController.m; sourceTree = "<group>"; };
		5A6024511EE6F61600BC7120 /* MessageInterceptViewController.h */ = {isa = PBXFileReference; fileEncoding = 4; lastKnownFileType = sourcecode.c.h; path = MessageInterceptViewController.h; sourceTree = "<group>"; };
		5A6024521EE6F61600BC7120 /* MessageInterceptViewController.m */ = {isa = PBXFileReference; fileEncoding = 4; lastKnownFileType = sourcecode.c.objc; path = MessageInterceptViewController.m; sourceTree = "<group>"; };
		5A6024541EE6F62700BC7120 /* SystemSettingViewController.h */ = {isa = PBXFileReference; fileEncoding = 4; lastKnownFileType = sourcecode.c.h; path = SystemSettingViewController.h; sourceTree = "<group>"; };
		5A6024551EE6F62700BC7120 /* SystemSettingViewController.m */ = {isa = PBXFileReference; fileEncoding = 4; lastKnownFileType = sourcecode.c.objc; path = SystemSettingViewController.m; sourceTree = "<group>"; };
		5A6024571EE6F6CF00BC7120 /* MobileLocation-Prefix.pch */ = {isa = PBXFileReference; lastKnownFileType = sourcecode.c.h; path = "MobileLocation-Prefix.pch"; sourceTree = "<group>"; };
		5A60245B1EE6F8B900BC7120 /* RegisterViewController.h */ = {isa = PBXFileReference; fileEncoding = 4; lastKnownFileType = sourcecode.c.h; path = RegisterViewController.h; sourceTree = "<group>"; };
		5A60245C1EE6F8B900BC7120 /* RegisterViewController.m */ = {isa = PBXFileReference; fileEncoding = 4; lastKnownFileType = sourcecode.c.objc; path = RegisterViewController.m; sourceTree = "<group>"; };
		5A60245D1EE6F8B900BC7120 /* RegisterViewController.xib */ = {isa = PBXFileReference; fileEncoding = 4; lastKnownFileType = file.xib; path = RegisterViewController.xib; sourceTree = "<group>"; };
		5A7CD8ED1EEAF0E2008B87CB /* CustomNavTitleView.h */ = {isa = PBXFileReference; fileEncoding = 4; lastKnownFileType = sourcecode.c.h; path = CustomNavTitleView.h; sourceTree = "<group>"; };
		5A7CD8EE1EEAF0E2008B87CB /* CustomNavTitleView.m */ = {isa = PBXFileReference; fileEncoding = 4; lastKnownFileType = sourcecode.c.objc; path = CustomNavTitleView.m; sourceTree = "<group>"; };
		5A80EDBB1EEBB88700D316A7 /* LoginView.h */ = {isa = PBXFileReference; fileEncoding = 4; lastKnownFileType = sourcecode.c.h; path = LoginView.h; sourceTree = "<group>"; };
		5A80EDBC1EEBB88700D316A7 /* LoginView.m */ = {isa = PBXFileReference; fileEncoding = 4; lastKnownFileType = sourcecode.c.objc; path = LoginView.m; sourceTree = "<group>"; };
		5A80EDBE1EEBB89500D316A7 /* LoginView.xib */ = {isa = PBXFileReference; fileEncoding = 4; lastKnownFileType = file.xib; path = LoginView.xib; sourceTree = "<group>"; };
		5A8F499A1F0F66B600A59BE6 /* libc++.tbd */ = {isa = PBXFileReference; lastKnownFileType = "sourcecode.text-based-dylib-definition"; name = "libc++.tbd"; path = "usr/lib/libc++.tbd"; sourceTree = SDKROOT; };
		5A8F499C1F0F66BE00A59BE6 /* libz.tbd */ = {isa = PBXFileReference; lastKnownFileType = "sourcecode.text-based-dylib-definition"; name = libz.tbd; path = usr/lib/libz.tbd; sourceTree = SDKROOT; };
		5A8F499E1F0F66CA00A59BE6 /* SystemConfiguration.framework */ = {isa = PBXFileReference; lastKnownFileType = wrapper.framework; name = SystemConfiguration.framework; path = System/Library/Frameworks/SystemConfiguration.framework; sourceTree = SDKROOT; };
		5A8F49A01F0F66D000A59BE6 /* CoreTelephony.framework */ = {isa = PBXFileReference; lastKnownFileType = wrapper.framework; name = CoreTelephony.framework; path = System/Library/Frameworks/CoreTelephony.framework; sourceTree = SDKROOT; };
		5A8F49A21F0F66D500A59BE6 /* QuartzCore.framework */ = {isa = PBXFileReference; lastKnownFileType = wrapper.framework; name = QuartzCore.framework; path = System/Library/Frameworks/QuartzCore.framework; sourceTree = SDKROOT; };
		5A8F49A41F0F66DB00A59BE6 /* CoreText.framework */ = {isa = PBXFileReference; lastKnownFileType = wrapper.framework; name = CoreText.framework; path = System/Library/Frameworks/CoreText.framework; sourceTree = SDKROOT; };
		5A8F49A61F0F66E000A59BE6 /* CoreGraphics.framework */ = {isa = PBXFileReference; lastKnownFileType = wrapper.framework; name = CoreGraphics.framework; path = System/Library/Frameworks/CoreGraphics.framework; sourceTree = SDKROOT; };
		5A8F49A81F0F66E600A59BE6 /* UIKit.framework */ = {isa = PBXFileReference; lastKnownFileType = wrapper.framework; name = UIKit.framework; path = System/Library/Frameworks/UIKit.framework; sourceTree = SDKROOT; };
		5A8F49AA1F0F66EB00A59BE6 /* Foundation.framework */ = {isa = PBXFileReference; lastKnownFileType = wrapper.framework; name = Foundation.framework; path = System/Library/Frameworks/Foundation.framework; sourceTree = SDKROOT; };
		5A8F49AC1F0F66F100A59BE6 /* CFNetwork.framework */ = {isa = PBXFileReference; lastKnownFileType = wrapper.framework; name = CFNetwork.framework; path = System/Library/Frameworks/CFNetwork.framework; sourceTree = SDKROOT; };
		5A8F49AE1F0F66F700A59BE6 /* CoreMotion.framework */ = {isa = PBXFileReference; lastKnownFileType = wrapper.framework; name = CoreMotion.framework; path = System/Library/Frameworks/CoreMotion.framework; sourceTree = SDKROOT; };
		C4E3B8B53C10921A154873FF /* Pods-MobileLocation.release.xcconfig */ = {isa = PBXFileReference; includeInIndex = 1; lastKnownFileType = text.xcconfig; name = "Pods-MobileLocation.release.xcconfig"; path = "Pods/Target Support Files/Pods-MobileLocation/Pods-MobileLocation.release.xcconfig"; sourceTree = "<group>"; };
		E7E15D457065ECB759019CE7 /* libPods-MobileLocation.a */ = {isa = PBXFileReference; explicitFileType = archive.ar; includeInIndex = 0; path = "libPods-MobileLocation.a"; sourceTree = BUILT_PRODUCTS_DIR; };
/* End PBXFileReference section */

/* Begin PBXFrameworksBuildPhase section */
		5A6023FB1EE6E44B00BC7120 /* Frameworks */ = {
			isa = PBXFrameworksBuildPhase;
			buildActionMask = 2147483647;
			files = (
				ADD4E11A886C0EF606067F8F /* libPods-MobileLocation.a in Frameworks */,
			);
			runOnlyForDeploymentPostprocessing = 0;
		};
		5A6024141EE6E44B00BC7120 /* Frameworks */ = {
			isa = PBXFrameworksBuildPhase;
			buildActionMask = 2147483647;
			files = (
			);
			runOnlyForDeploymentPostprocessing = 0;
		};
		5A60241F1EE6E44B00BC7120 /* Frameworks */ = {
			isa = PBXFrameworksBuildPhase;
			buildActionMask = 2147483647;
			files = (
			);
			runOnlyForDeploymentPostprocessing = 0;
		};
/* End PBXFrameworksBuildPhase section */

/* Begin PBXGroup section */
		5A6023F51EE6E44B00BC7120 = {
			isa = PBXGroup;
			children = (
				5A6024001EE6E44B00BC7120 /* MobileLocation */,
				5A60241A1EE6E44B00BC7120 /* MobileLocationTests */,
				5A6024251EE6E44B00BC7120 /* MobileLocationUITests */,
				5A6023FF1EE6E44B00BC7120 /* Products */,
				F76273E4FCCC264C3FD4E88E /* Pods */,
				D5337AC514284BF83F36C954 /* Frameworks */,
			);
			sourceTree = "<group>";
		};
		5A6023FF1EE6E44B00BC7120 /* Products */ = {
			isa = PBXGroup;
			children = (
				5A6023FE1EE6E44B00BC7120 /* MobileLocation.app */,
				5A6024171EE6E44B00BC7120 /* MobileLocationTests.xctest */,
				5A6024221EE6E44B00BC7120 /* MobileLocationUITests.xctest */,
			);
			name = Products;
			sourceTree = "<group>";
		};
		5A6024001EE6E44B00BC7120 /* MobileLocation */ = {
			isa = PBXGroup;
			children = (
				5A60243F1EE6F1B000BC7120 /* Model */,
				5A60243E1EE6F1AD00BC7120 /* View */,
				5A60243D1EE6F1A800BC7120 /* Controller */,
				5A60243C1EE6F19F00BC7120 /* Utils */,
				5A60243B1EE6F19300BC7120 /* Category */,
				5A6024401EE6F1BD00BC7120 /* Resource */,
				5A6024011EE6E44B00BC7120 /* Supporting Files */,
			);
			path = MobileLocation;
			sourceTree = "<group>";
		};
		5A6024011EE6E44B00BC7120 /* Supporting Files */ = {
			isa = PBXGroup;
			children = (
				5A6024041EE6E44B00BC7120 /* AppDelegate.h */,
				5A6024051EE6E44B00BC7120 /* AppDelegate.m */,
				5A60240F1EE6E44B00BC7120 /* LaunchScreen.storyboard */,
				5A6024121EE6E44B00BC7120 /* Info.plist */,
				5A6024021EE6E44B00BC7120 /* main.m */,
				5A6024571EE6F6CF00BC7120 /* MobileLocation-Prefix.pch */,
			);
			name = "Supporting Files";
			sourceTree = "<group>";
		};
		5A60241A1EE6E44B00BC7120 /* MobileLocationTests */ = {
			isa = PBXGroup;
			children = (
				5A60241B1EE6E44B00BC7120 /* MobileLocationTests.m */,
				5A60241D1EE6E44B00BC7120 /* Info.plist */,
			);
			path = MobileLocationTests;
			sourceTree = "<group>";
		};
		5A6024251EE6E44B00BC7120 /* MobileLocationUITests */ = {
			isa = PBXGroup;
			children = (
				5A6024261EE6E44B00BC7120 /* MobileLocationUITests.m */,
				5A6024281EE6E44B00BC7120 /* Info.plist */,
			);
			path = MobileLocationUITests;
			sourceTree = "<group>";
		};
		5A60243B1EE6F19300BC7120 /* Category */ = {
			isa = PBXGroup;
			children = (
				5A6024371EE6E4DB00BC7120 /* UIView+Frame.h */,
				5A6024381EE6E4DB00BC7120 /* UIView+Frame.m */,
				5A6024341EE6E4D500BC7120 /* UIColor+String.h */,
				5A6024351EE6E4D500BC7120 /* UIColor+String.m */,
			);
			name = Category;
			sourceTree = "<group>";
		};
		5A60243C1EE6F19F00BC7120 /* Utils */ = {
			isa = PBXGroup;
			children = (
				5A60243A1EE6E4F600BC7120 /* Config.h */,
				5A5F31781EEBF78C002C484E /* Utils.h */,
				5A5F31791EEBF78C002C484E /* Utils.m */,
			);
			name = Utils;
			sourceTree = "<group>";
		};
		5A60243D1EE6F1A800BC7120 /* Controller */ = {
			isa = PBXGroup;
			children = (
				5A5137781EECE76200ECEA96 /* NewFeatureController.h */,
				5A5137791EECE76200ECEA96 /* NewFeatureController.m */,
				5A60244A1EE6F29B00BC7120 /* Base */,
				5A6024411EE6F1F500BC7120 /* HomeTabBarController.h */,
				5A6024421EE6F1F500BC7120 /* HomeTabBarController.m */,
				5A60244B1EE6F5C500BC7120 /* PhoneLocationViewController.h */,
				5A60244C1EE6F5C500BC7120 /* PhoneLocationViewController.m */,
				5A60244E1EE6F5F600BC7120 /* CallMonitorViewController.h */,
				5A60244F1EE6F5F600BC7120 /* CallMonitorViewController.m */,
				5A6024511EE6F61600BC7120 /* MessageInterceptViewController.h */,
				5A6024521EE6F61600BC7120 /* MessageInterceptViewController.m */,
				5A6024541EE6F62700BC7120 /* SystemSettingViewController.h */,
				5A6024551EE6F62700BC7120 /* SystemSettingViewController.m */,
				5A60245B1EE6F8B900BC7120 /* RegisterViewController.h */,
				5A60245C1EE6F8B900BC7120 /* RegisterViewController.m */,
				5A60245D1EE6F8B900BC7120 /* RegisterViewController.xib */,
				5A5F317B1EEC00C4002C484E /* ContactViewController.h */,
				5A5F317C1EEC00C4002C484E /* ContactViewController.m */,
				5A3E42961EEC3610001BEA12 /* AuthorizationViewController.h */,
				5A3E42971EEC3610001BEA12 /* AuthorizationViewController.m */,
				5A3E42981EEC3610001BEA12 /* AuthorizationViewController.xib */,
				5A3E429B1EEC44E1001BEA12 /* ParamsSettingViewController.h */,
				5A3E429C1EEC44E1001BEA12 /* ParamsSettingViewController.m */,
				5A3E429D1EEC44E1001BEA12 /* ParamsSettingViewController.xib */,
				5A3E42A01EEC4AAF001BEA12 /* UserAgreementViewController.h */,
				5A3E42A11EEC4AAF001BEA12 /* UserAgreementViewController.m */,
				5A5AFBF41EFE377D00C5270A /* EvaluateViewController.h */,
				5A5AFBF51EFE377D00C5270A /* EvaluateViewController.m */,
				5A5AFBF61EFE377D00C5270A /* EvaluateViewController.xib */,
			);
			name = Controller;
			sourceTree = "<group>";
		};
		5A60243E1EE6F1AD00BC7120 /* View */ = {
			isa = PBXGroup;
			children = (
				5A5AFBFC1EFE3B2F00C5270A /* TggStarEvaluationView.h */,
				5A5AFBFD1EFE3B2F00C5270A /* TggStarEvaluationView.m */,
				5A7CD8ED1EEAF0E2008B87CB /* CustomNavTitleView.h */,
				5A7CD8EE1EEAF0E2008B87CB /* CustomNavTitleView.m */,
				5A80EDBB1EEBB88700D316A7 /* LoginView.h */,
				5A80EDBC1EEBB88700D316A7 /* LoginView.m */,
				5A80EDBE1EEBB89500D316A7 /* LoginView.xib */,
			);
			name = View;
			sourceTree = "<group>";
		};
		5A60243F1EE6F1B000BC7120 /* Model */ = {
			isa = PBXGroup;
			children = (
			);
			name = Model;
			sourceTree = "<group>";
		};
		5A6024401EE6F1BD00BC7120 /* Resource */ = {
			isa = PBXGroup;
			children = (
				5A60240D1EE6E44B00BC7120 /* Assets.xcassets */,
			);
			name = Resource;
			sourceTree = "<group>";
		};
		5A60244A1EE6F29B00BC7120 /* Base */ = {
			isa = PBXGroup;
			children = (
				5A6024441EE6F29800BC7120 /* BaseNavigationController.h */,
				5A6024451EE6F29800BC7120 /* BaseNavigationController.m */,
				5A6024461EE6F29800BC7120 /* BaseViewController.h */,
				5A6024471EE6F29800BC7120 /* BaseViewController.m */,
			);
			name = Base;
			sourceTree = "<group>";
		};
		D5337AC514284BF83F36C954 /* Frameworks */ = {
			isa = PBXGroup;
			children = (
				5A8F49AE1F0F66F700A59BE6 /* CoreMotion.framework */,
				5A8F49AC1F0F66F100A59BE6 /* CFNetwork.framework */,
				5A8F49AA1F0F66EB00A59BE6 /* Foundation.framework */,
				5A8F49A81F0F66E600A59BE6 /* UIKit.framework */,
				5A8F49A61F0F66E000A59BE6 /* CoreGraphics.framework */,
				5A8F49A41F0F66DB00A59BE6 /* CoreText.framework */,
				5A8F49A21F0F66D500A59BE6 /* QuartzCore.framework */,
				5A8F49A01F0F66D000A59BE6 /* CoreTelephony.framework */,
				5A8F499E1F0F66CA00A59BE6 /* SystemConfiguration.framework */,
				5A8F499C1F0F66BE00A59BE6 /* libz.tbd */,
				5A8F499A1F0F66B600A59BE6 /* libc++.tbd */,
				E7E15D457065ECB759019CE7 /* libPods-MobileLocation.a */,
			);
			name = Frameworks;
			sourceTree = "<group>";
		};
		F76273E4FCCC264C3FD4E88E /* Pods */ = {
			isa = PBXGroup;
			children = (
				1781C9AA4AB5A674B44694D9 /* Pods-MobileLocation.debug.xcconfig */,
				C4E3B8B53C10921A154873FF /* Pods-MobileLocation.release.xcconfig */,
			);
			name = Pods;
			sourceTree = "<group>";
		};
/* End PBXGroup section */

/* Begin PBXNativeTarget section */
		5A6023FD1EE6E44B00BC7120 /* MobileLocation */ = {
			isa = PBXNativeTarget;
			buildConfigurationList = 5A60242B1EE6E44B00BC7120 /* Build configuration list for PBXNativeTarget "MobileLocation" */;
			buildPhases = (
				DF41D69298E5FFA049834088 /* [CP] Check Pods Manifest.lock */,
				5A6023FA1EE6E44B00BC7120 /* Sources */,
				5A6023FB1EE6E44B00BC7120 /* Frameworks */,
				5A6023FC1EE6E44B00BC7120 /* Resources */,
				867B8FFC10ECFB11E4DB8641 /* [CP] Embed Pods Frameworks */,
				7A00FE548DA568638DFBF130 /* [CP] Copy Pods Resources */,
			);
			buildRules = (
			);
			dependencies = (
			);
			name = MobileLocation;
			productName = MobileLocation;
			productReference = 5A6023FE1EE6E44B00BC7120 /* MobileLocation.app */;
			productType = "com.apple.product-type.application";
		};
		5A6024161EE6E44B00BC7120 /* MobileLocationTests */ = {
			isa = PBXNativeTarget;
			buildConfigurationList = 5A60242E1EE6E44B00BC7120 /* Build configuration list for PBXNativeTarget "MobileLocationTests" */;
			buildPhases = (
				5A6024131EE6E44B00BC7120 /* Sources */,
				5A6024141EE6E44B00BC7120 /* Frameworks */,
				5A6024151EE6E44B00BC7120 /* Resources */,
			);
			buildRules = (
			);
			dependencies = (
				5A6024191EE6E44B00BC7120 /* PBXTargetDependency */,
			);
			name = MobileLocationTests;
			productName = MobileLocationTests;
			productReference = 5A6024171EE6E44B00BC7120 /* MobileLocationTests.xctest */;
			productType = "com.apple.product-type.bundle.unit-test";
		};
		5A6024211EE6E44B00BC7120 /* MobileLocationUITests */ = {
			isa = PBXNativeTarget;
			buildConfigurationList = 5A6024311EE6E44B00BC7120 /* Build configuration list for PBXNativeTarget "MobileLocationUITests" */;
			buildPhases = (
				5A60241E1EE6E44B00BC7120 /* Sources */,
				5A60241F1EE6E44B00BC7120 /* Frameworks */,
				5A6024201EE6E44B00BC7120 /* Resources */,
			);
			buildRules = (
			);
			dependencies = (
				5A6024241EE6E44B00BC7120 /* PBXTargetDependency */,
			);
			name = MobileLocationUITests;
			productName = MobileLocationUITests;
			productReference = 5A6024221EE6E44B00BC7120 /* MobileLocationUITests.xctest */;
			productType = "com.apple.product-type.bundle.ui-testing";
		};
/* End PBXNativeTarget section */

/* Begin PBXProject section */
		5A6023F61EE6E44B00BC7120 /* Project object */ = {
			isa = PBXProject;
			attributes = {
				LastUpgradeCheck = 0830;
				ORGANIZATIONNAME = lanmao;
				TargetAttributes = {
					5A6023FD1EE6E44B00BC7120 = {
						CreatedOnToolsVersion = 8.3.2;
						DevelopmentTeam = VDKG4G5L34;
						ProvisioningStyle = Automatic;
						SystemCapabilities = {
							com.apple.BackgroundModes = {
								enabled = 1;
							};
						};
					};
					5A6024161EE6E44B00BC7120 = {
						CreatedOnToolsVersion = 8.3.2;
						ProvisioningStyle = Automatic;
						TestTargetID = 5A6023FD1EE6E44B00BC7120;
					};
					5A6024211EE6E44B00BC7120 = {
						CreatedOnToolsVersion = 8.3.2;
						ProvisioningStyle = Automatic;
						TestTargetID = 5A6023FD1EE6E44B00BC7120;
					};
				};
			};
			buildConfigurationList = 5A6023F91EE6E44B00BC7120 /* Build configuration list for PBXProject "MobileLocation" */;
			compatibilityVersion = "Xcode 3.2";
			developmentRegion = English;
			hasScannedForEncodings = 0;
			knownRegions = (
				en,
				Base,
			);
			mainGroup = 5A6023F51EE6E44B00BC7120;
			productRefGroup = 5A6023FF1EE6E44B00BC7120 /* Products */;
			projectDirPath = "";
			projectRoot = "";
			targets = (
				5A6023FD1EE6E44B00BC7120 /* MobileLocation */,
				5A6024161EE6E44B00BC7120 /* MobileLocationTests */,
				5A6024211EE6E44B00BC7120 /* MobileLocationUITests */,
			);
		};
/* End PBXProject section */

/* Begin PBXResourcesBuildPhase section */
		5A6023FC1EE6E44B00BC7120 /* Resources */ = {
			isa = PBXResourcesBuildPhase;
			buildActionMask = 2147483647;
			files = (
				5A6024111EE6E44B00BC7120 /* LaunchScreen.storyboard in Resources */,
				5A3E429A1EEC3610001BEA12 /* AuthorizationViewController.xib in Resources */,
				5A5AFBF81EFE377D00C5270A /* EvaluateViewController.xib in Resources */,
				5A60240E1EE6E44B00BC7120 /* Assets.xcassets in Resources */,
				5A80EDBF1EEBB89500D316A7 /* LoginView.xib in Resources */,
				5A60245F1EE6F8B900BC7120 /* RegisterViewController.xib in Resources */,
				5A3E429F1EEC44E1001BEA12 /* ParamsSettingViewController.xib in Resources */,
			);
			runOnlyForDeploymentPostprocessing = 0;
		};
		5A6024151EE6E44B00BC7120 /* Resources */ = {
			isa = PBXResourcesBuildPhase;
			buildActionMask = 2147483647;
			files = (
			);
			runOnlyForDeploymentPostprocessing = 0;
		};
		5A6024201EE6E44B00BC7120 /* Resources */ = {
			isa = PBXResourcesBuildPhase;
			buildActionMask = 2147483647;
			files = (
			);
			runOnlyForDeploymentPostprocessing = 0;
		};
/* End PBXResourcesBuildPhase section */

/* Begin PBXShellScriptBuildPhase section */
		7A00FE548DA568638DFBF130 /* [CP] Copy Pods Resources */ = {
			isa = PBXShellScriptBuildPhase;
			buildActionMask = 2147483647;
			files = (
			);
			inputPaths = (
			);
			name = "[CP] Copy Pods Resources";
			outputPaths = (
			);
			runOnlyForDeploymentPostprocessing = 0;
			shellPath = /bin/sh;
			shellScript = "\"${SRCROOT}/Pods/Target Support Files/Pods-MobileLocation/Pods-MobileLocation-resources.sh\"\n";
			showEnvVarsInLog = 0;
		};
		867B8FFC10ECFB11E4DB8641 /* [CP] Embed Pods Frameworks */ = {
			isa = PBXShellScriptBuildPhase;
			buildActionMask = 2147483647;
			files = (
			);
			inputPaths = (
			);
			name = "[CP] Embed Pods Frameworks";
			outputPaths = (
			);
			runOnlyForDeploymentPostprocessing = 0;
			shellPath = /bin/sh;
			shellScript = "\"${SRCROOT}/Pods/Target Support Files/Pods-MobileLocation/Pods-MobileLocation-frameworks.sh\"\n";
			showEnvVarsInLog = 0;
		};
		DF41D69298E5FFA049834088 /* [CP] Check Pods Manifest.lock */ = {
			isa = PBXShellScriptBuildPhase;
			buildActionMask = 2147483647;
			files = (
			);
			inputPaths = (
			);
			name = "[CP] Check Pods Manifest.lock";
			outputPaths = (
			);
			runOnlyForDeploymentPostprocessing = 0;
			shellPath = /bin/sh;
			shellScript = "diff \"${PODS_ROOT}/../Podfile.lock\" \"${PODS_ROOT}/Manifest.lock\" > /dev/null\nif [ $? != 0 ] ; then\n    # print error to STDERR\n    echo \"error: The sandbox is not in sync with the Podfile.lock. Run 'pod install' or update your CocoaPods installation.\" >&2\n    exit 1\nfi\n";
			showEnvVarsInLog = 0;
		};
/* End PBXShellScriptBuildPhase section */

/* Begin PBXSourcesBuildPhase section */
		5A6023FA1EE6E44B00BC7120 /* Sources */ = {
			isa = PBXSourcesBuildPhase;
			buildActionMask = 2147483647;
			files = (
				5A6024391EE6E4DB00BC7120 /* UIView+Frame.m in Sources */,
				5A3E42A31EEC4AAF001BEA12 /* UserAgreementViewController.m in Sources */,
				5A6024431EE6F1F500BC7120 /* HomeTabBarController.m in Sources */,
				5A5AFBF71EFE377D00C5270A /* EvaluateViewController.m in Sources */,
				5A60244D1EE6F5C500BC7120 /* PhoneLocationViewController.m in Sources */,
				5A5F317A1EEBF78C002C484E /* Utils.m in Sources */,
				5A80EDBD1EEBB88700D316A7 /* LoginView.m in Sources */,
				5A3E429E1EEC44E1001BEA12 /* ParamsSettingViewController.m in Sources */,
				5A6024561EE6F62700BC7120 /* SystemSettingViewController.m in Sources */,
				5A6024481EE6F29800BC7120 /* BaseNavigationController.m in Sources */,
				5A3E42991EEC3610001BEA12 /* AuthorizationViewController.m in Sources */,
				5A7CD8EF1EEAF0E2008B87CB /* CustomNavTitleView.m in Sources */,
				5A6024501EE6F5F600BC7120 /* CallMonitorViewController.m in Sources */,
				5A6024061EE6E44B00BC7120 /* AppDelegate.m in Sources */,
				5A60245E1EE6F8B900BC7120 /* RegisterViewController.m in Sources */,
				5A6024361EE6E4D500BC7120 /* UIColor+String.m in Sources */,
				5A6024491EE6F29800BC7120 /* BaseViewController.m in Sources */,
				5A5F317D1EEC00C4002C484E /* ContactViewController.m in Sources */,
				5A5AFBFE1EFE3B2F00C5270A /* TggStarEvaluationView.m in Sources */,
				5A6024531EE6F61600BC7120 /* MessageInterceptViewController.m in Sources */,
				5A6024031EE6E44B00BC7120 /* main.m in Sources */,
				5A51377A1EECE76200ECEA96 /* NewFeatureController.m in Sources */,
			);
			runOnlyForDeploymentPostprocessing = 0;
		};
		5A6024131EE6E44B00BC7120 /* Sources */ = {
			isa = PBXSourcesBuildPhase;
			buildActionMask = 2147483647;
			files = (
				5A60241C1EE6E44B00BC7120 /* MobileLocationTests.m in Sources */,
			);
			runOnlyForDeploymentPostprocessing = 0;
		};
		5A60241E1EE6E44B00BC7120 /* Sources */ = {
			isa = PBXSourcesBuildPhase;
			buildActionMask = 2147483647;
			files = (
				5A6024271EE6E44B00BC7120 /* MobileLocationUITests.m in Sources */,
			);
			runOnlyForDeploymentPostprocessing = 0;
		};
/* End PBXSourcesBuildPhase section */

/* Begin PBXTargetDependency section */
		5A6024191EE6E44B00BC7120 /* PBXTargetDependency */ = {
			isa = PBXTargetDependency;
			target = 5A6023FD1EE6E44B00BC7120 /* MobileLocation */;
			targetProxy = 5A6024181EE6E44B00BC7120 /* PBXContainerItemProxy */;
		};
		5A6024241EE6E44B00BC7120 /* PBXTargetDependency */ = {
			isa = PBXTargetDependency;
			target = 5A6023FD1EE6E44B00BC7120 /* MobileLocation */;
			targetProxy = 5A6024231EE6E44B00BC7120 /* PBXContainerItemProxy */;
		};
/* End PBXTargetDependency section */

/* Begin PBXVariantGroup section */
		5A60240F1EE6E44B00BC7120 /* LaunchScreen.storyboard */ = {
			isa = PBXVariantGroup;
			children = (
				5A6024101EE6E44B00BC7120 /* Base */,
			);
			name = LaunchScreen.storyboard;
			sourceTree = "<group>";
		};
/* End PBXVariantGroup section */

/* Begin XCBuildConfiguration section */
		5A6024291EE6E44B00BC7120 /* Debug */ = {
			isa = XCBuildConfiguration;
			buildSettings = {
				ALWAYS_SEARCH_USER_PATHS = NO;
				CLANG_ANALYZER_NONNULL = YES;
				CLANG_ANALYZER_NUMBER_OBJECT_CONVERSION = YES_AGGRESSIVE;
				CLANG_CXX_LANGUAGE_STANDARD = "gnu++0x";
				CLANG_CXX_LIBRARY = "libc++";
				CLANG_ENABLE_MODULES = YES;
				CLANG_ENABLE_OBJC_ARC = YES;
				CLANG_WARN_BOOL_CONVERSION = YES;
				CLANG_WARN_CONSTANT_CONVERSION = YES;
				CLANG_WARN_DIRECT_OBJC_ISA_USAGE = YES_ERROR;
				CLANG_WARN_DOCUMENTATION_COMMENTS = YES;
				CLANG_WARN_EMPTY_BODY = YES;
				CLANG_WARN_ENUM_CONVERSION = YES;
				CLANG_WARN_INFINITE_RECURSION = YES;
				CLANG_WARN_INT_CONVERSION = YES;
				CLANG_WARN_OBJC_ROOT_CLASS = YES_ERROR;
				CLANG_WARN_SUSPICIOUS_MOVE = YES;
				CLANG_WARN_UNREACHABLE_CODE = YES;
				CLANG_WARN__DUPLICATE_METHOD_MATCH = YES;
				"CODE_SIGN_IDENTITY[sdk=iphoneos*]" = "iPhone Developer";
				COPY_PHASE_STRIP = NO;
				DEBUG_INFORMATION_FORMAT = dwarf;
				ENABLE_STRICT_OBJC_MSGSEND = YES;
				ENABLE_TESTABILITY = YES;
				GCC_C_LANGUAGE_STANDARD = gnu99;
				GCC_DYNAMIC_NO_PIC = NO;
				GCC_NO_COMMON_BLOCKS = YES;
				GCC_OPTIMIZATION_LEVEL = 0;
				GCC_PREPROCESSOR_DEFINITIONS = (
					"DEBUG=1",
					"$(inherited)",
				);
				GCC_WARN_64_TO_32_BIT_CONVERSION = YES;
				GCC_WARN_ABOUT_RETURN_TYPE = YES_ERROR;
				GCC_WARN_UNDECLARED_SELECTOR = YES;
				GCC_WARN_UNINITIALIZED_AUTOS = YES_AGGRESSIVE;
				GCC_WARN_UNUSED_FUNCTION = YES;
				GCC_WARN_UNUSED_VARIABLE = YES;
				IPHONEOS_DEPLOYMENT_TARGET = 10.3;
				MTL_ENABLE_DEBUG_INFO = YES;
				ONLY_ACTIVE_ARCH = YES;
				SDKROOT = iphoneos;
			};
			name = Debug;
		};
		5A60242A1EE6E44B00BC7120 /* Release */ = {
			isa = XCBuildConfiguration;
			buildSettings = {
				ALWAYS_SEARCH_USER_PATHS = NO;
				CLANG_ANALYZER_NONNULL = YES;
				CLANG_ANALYZER_NUMBER_OBJECT_CONVERSION = YES_AGGRESSIVE;
				CLANG_CXX_LANGUAGE_STANDARD = "gnu++0x";
				CLANG_CXX_LIBRARY = "libc++";
				CLANG_ENABLE_MODULES = YES;
				CLANG_ENABLE_OBJC_ARC = YES;
				CLANG_WARN_BOOL_CONVERSION = YES;
				CLANG_WARN_CONSTANT_CONVERSION = YES;
				CLANG_WARN_DIRECT_OBJC_ISA_USAGE = YES_ERROR;
				CLANG_WARN_DOCUMENTATION_COMMENTS = YES;
				CLANG_WARN_EMPTY_BODY = YES;
				CLANG_WARN_ENUM_CONVERSION = YES;
				CLANG_WARN_INFINITE_RECURSION = YES;
				CLANG_WARN_INT_CONVERSION = YES;
				CLANG_WARN_OBJC_ROOT_CLASS = YES_ERROR;
				CLANG_WARN_SUSPICIOUS_MOVE = YES;
				CLANG_WARN_UNREACHABLE_CODE = YES;
				CLANG_WARN__DUPLICATE_METHOD_MATCH = YES;
				"CODE_SIGN_IDENTITY[sdk=iphoneos*]" = "iPhone Developer";
				COPY_PHASE_STRIP = NO;
				DEBUG_INFORMATION_FORMAT = "dwarf-with-dsym";
				ENABLE_NS_ASSERTIONS = NO;
				ENABLE_STRICT_OBJC_MSGSEND = YES;
				GCC_C_LANGUAGE_STANDARD = gnu99;
				GCC_NO_COMMON_BLOCKS = YES;
				GCC_WARN_64_TO_32_BIT_CONVERSION = YES;
				GCC_WARN_ABOUT_RETURN_TYPE = YES_ERROR;
				GCC_WARN_UNDECLARED_SELECTOR = YES;
				GCC_WARN_UNINITIALIZED_AUTOS = YES_AGGRESSIVE;
				GCC_WARN_UNUSED_FUNCTION = YES;
				GCC_WARN_UNUSED_VARIABLE = YES;
				IPHONEOS_DEPLOYMENT_TARGET = 10.3;
				MTL_ENABLE_DEBUG_INFO = NO;
				SDKROOT = iphoneos;
				VALIDATE_PRODUCT = YES;
			};
			name = Release;
		};
		5A60242C1EE6E44B00BC7120 /* Debug */ = {
			isa = XCBuildConfiguration;
			baseConfigurationReference = 1781C9AA4AB5A674B44694D9 /* Pods-MobileLocation.debug.xcconfig */;
			buildSettings = {
				ASSETCATALOG_COMPILER_APPICON_NAME = AppIcon;
				"CODE_SIGN_IDENTITY[sdk=iphoneos*]" = "iPhone Developer";
				DEVELOPMENT_TEAM = VDKG4G5L34;
				ENABLE_BITCODE = NO;
				FRAMEWORK_SEARCH_PATHS = (
					"$(inherited)",
					"$(PROJECT_DIR)/MobileLocation/AlipaySDK",
				);
				GCC_PREFIX_HEADER = "MobileLocation/MobileLocation-Prefix.pch";
				HEADER_SEARCH_PATHS = (
					"$(inherited)",
					"\"${PODS_ROOT}/Headers/Public\"",
					"\"${PODS_ROOT}/Headers/Public/AFNetworking\"",
					"\"${PODS_ROOT}/Headers/Public/AMap3DMap\"",
					"\"${PODS_ROOT}/Headers/Public/AMapFoundation\"",
					"\"${PODS_ROOT}/Headers/Public/AMapLocation\"",
					"\"${PODS_ROOT}/Headers/Public/AMapSearch\"",
					"\"${PODS_ROOT}/Headers/Public/IQKeyboardManager\"",
					"\"${PODS_ROOT}/Headers/Public/MJExtension\"",
					"\"${PODS_ROOT}/Headers/Public/MJRefresh\"",
					"\"${PODS_ROOT}/Headers/Public/SDWebImage\"",
					"\"${PODS_ROOT}/Headers/Public/SVProgressHUD\"",
					"\"$(SRCROOT)/MobileLocation/AlipaySDK\"",
				);
				INFOPLIST_FILE = MobileLocation/Info.plist;
				IPHONEOS_DEPLOYMENT_TARGET = 8.0;
				LD_RUNPATH_SEARCH_PATHS = "$(inherited) @executable_path/Frameworks";
				LIBRARY_SEARCH_PATHS = (
					"$(inherited)",
					"$(PROJECT_DIR)/MobileLocation/AlipaySDK",
				);
				PRODUCT_BUNDLE_IDENTIFIER = com.lanmao.mobilelocation;
				PRODUCT_NAME = "$(TARGET_NAME)";
				PROVISIONING_PROFILE_SPECIFIER = "";
			};
			name = Debug;
		};
		5A60242D1EE6E44B00BC7120 /* Release */ = {
			isa = XCBuildConfiguration;
			baseConfigurationReference = C4E3B8B53C10921A154873FF /* Pods-MobileLocation.release.xcconfig */;
			buildSettings = {
				ASSETCATALOG_COMPILER_APPICON_NAME = AppIcon;
				"CODE_SIGN_IDENTITY[sdk=iphoneos*]" = "iPhone Developer";
				DEVELOPMENT_TEAM = VDKG4G5L34;
				ENABLE_BITCODE = NO;
				FRAMEWORK_SEARCH_PATHS = (
					"$(inherited)",
					"$(PROJECT_DIR)/MobileLocation/AlipaySDK",
				);
				GCC_PREFIX_HEADER = "MobileLocation/MobileLocation-Prefix.pch";
				HEADER_SEARCH_PATHS = (
					"$(inherited)",
					"\"${PODS_ROOT}/Headers/Public\"",
					"\"${PODS_ROOT}/Headers/Public/AFNetworking\"",
					"\"${PODS_ROOT}/Headers/Public/AMap3DMap\"",
					"\"${PODS_ROOT}/Headers/Public/AMapFoundation\"",
					"\"${PODS_ROOT}/Headers/Public/AMapLocation\"",
					"\"${PODS_ROOT}/Headers/Public/AMapSearch\"",
					"\"${PODS_ROOT}/Headers/Public/IQKeyboardManager\"",
					"\"${PODS_ROOT}/Headers/Public/MJExtension\"",
					"\"${PODS_ROOT}/Headers/Public/MJRefresh\"",
					"\"${PODS_ROOT}/Headers/Public/SDWebImage\"",
					"\"${PODS_ROOT}/Headers/Public/SVProgressHUD\"",
					"\"$(SRCROOT)/MobileLocation/AlipaySDK\"",
				);
				INFOPLIST_FILE = MobileLocation/Info.plist;
				IPHONEOS_DEPLOYMENT_TARGET = 8.0;
				LD_RUNPATH_SEARCH_PATHS = "$(inherited) @executable_path/Frameworks";
				LIBRARY_SEARCH_PATHS = (
					"$(inherited)",
					"$(PROJECT_DIR)/MobileLocation/AlipaySDK",
				);
				PRODUCT_BUNDLE_IDENTIFIER = com.lanmao.mobilelocation;
				PRODUCT_NAME = "$(TARGET_NAME)";
				PROVISIONING_PROFILE_SPECIFIER = "";
			};
			name = Release;
		};
		5A60242F1EE6E44B00BC7120 /* Debug */ = {
			isa = XCBuildConfiguration;
			buildSettings = {
				BUNDLE_LOADER = "$(TEST_HOST)";
				INFOPLIST_FILE = MobileLocationTests/Info.plist;
				LD_RUNPATH_SEARCH_PATHS = "$(inherited) @executable_path/Frameworks @loader_path/Frameworks";
				PRODUCT_BUNDLE_IDENTIFIER = com.lanmao.mobilelocation.MobileLocationTests;
				PRODUCT_NAME = "$(TARGET_NAME)";
				TEST_HOST = "$(BUILT_PRODUCTS_DIR)/MobileLocation.app/MobileLocation";
			};
			name = Debug;
		};
		5A6024301EE6E44B00BC7120 /* Release */ = {
			isa = XCBuildConfiguration;
			buildSettings = {
				BUNDLE_LOADER = "$(TEST_HOST)";
				INFOPLIST_FILE = MobileLocationTests/Info.plist;
				LD_RUNPATH_SEARCH_PATHS = "$(inherited) @executable_path/Frameworks @loader_path/Frameworks";
				PRODUCT_BUNDLE_IDENTIFIER = com.lanmao.mobilelocation.MobileLocationTests;
				PRODUCT_NAME = "$(TARGET_NAME)";
				TEST_HOST = "$(BUILT_PRODUCTS_DIR)/MobileLocation.app/MobileLocation";
			};
			name = Release;
		};
		5A6024321EE6E44B00BC7120 /* Debug */ = {
			isa = XCBuildConfiguration;
			buildSettings = {
				INFOPLIST_FILE = MobileLocationUITests/Info.plist;
				LD_RUNPATH_SEARCH_PATHS = "$(inherited) @executable_path/Frameworks @loader_path/Frameworks";
				PRODUCT_BUNDLE_IDENTIFIER = com.lanmao.mobilelocation.MobileLocationUITests;
				PRODUCT_NAME = "$(TARGET_NAME)";
				TEST_TARGET_NAME = MobileLocation;
			};
			name = Debug;
		};
		5A6024331EE6E44B00BC7120 /* Release */ = {
			isa = XCBuildConfiguration;
			buildSettings = {
				INFOPLIST_FILE = MobileLocationUITests/Info.plist;
				LD_RUNPATH_SEARCH_PATHS = "$(inherited) @executable_path/Frameworks @loader_path/Frameworks";
				PRODUCT_BUNDLE_IDENTIFIER = com.lanmao.mobilelocation.MobileLocationUITests;
				PRODUCT_NAME = "$(TARGET_NAME)";
				TEST_TARGET_NAME = MobileLocation;
			};
			name = Release;
		};
/* End XCBuildConfiguration section */

/* Begin XCConfigurationList section */
		5A6023F91EE6E44B00BC7120 /* Build configuration list for PBXProject "MobileLocation" */ = {
			isa = XCConfigurationList;
			buildConfigurations = (
				5A6024291EE6E44B00BC7120 /* Debug */,
				5A60242A1EE6E44B00BC7120 /* Release */,
			);
			defaultConfigurationIsVisible = 0;
			defaultConfigurationName = Release;
		};
		5A60242B1EE6E44B00BC7120 /* Build configuration list for PBXNativeTarget "MobileLocation" */ = {
			isa = XCConfigurationList;
			buildConfigurations = (
				5A60242C1EE6E44B00BC7120 /* Debug */,
				5A60242D1EE6E44B00BC7120 /* Release */,
			);
			defaultConfigurationIsVisible = 0;
			defaultConfigurationName = Release;
		};
		5A60242E1EE6E44B00BC7120 /* Build configuration list for PBXNativeTarget "MobileLocationTests" */ = {
			isa = XCConfigurationList;
			buildConfigurations = (
				5A60242F1EE6E44B00BC7120 /* Debug */,
				5A6024301EE6E44B00BC7120 /* Release */,
			);
			defaultConfigurationIsVisible = 0;
			defaultConfigurationName = Release;
		};
		5A6024311EE6E44B00BC7120 /* Build configuration list for PBXNativeTarget "MobileLocationUITests" */ = {
			isa = XCConfigurationList;
			buildConfigurations = (
				5A6024321EE6E44B00BC7120 /* Debug */,
				5A6024331EE6E44B00BC7120 /* Release */,
			);
			defaultConfigurationIsVisible = 0;
			defaultConfigurationName = Release;
		};
/* End XCConfigurationList section */
	};
	rootObject = 5A6023F61EE6E44B00BC7120 /* Project object */;
}
